
Microsoft Visual Studio Solution File, Format Version 12.00
# Visual Studio Version 17
VisualStudioVersion = 17.12.35323.107
MinimumVisualStudioVersion = 10.0.40219.1
Project("{FAE04EC0-301F-11D3-BF4B-00C04F79EFBC}") = "CshBook", "CshBook\CshBook.csproj", "{A365A0B8-5DF1-4487-9626-E707E1332721}"
EndProject
Global
	GlobalSection(SolutionConfigurationPlatforms) = preSolution
		Debug|Any CPU = Debug|Any CPU
		Release|Any CPU = Release|Any CPU
	EndGlobalSection
	GlobalSection(ProjectConfigurationPlatforms) = postSolution
		{A365A0B8-5DF1-4487-9626-E707E1332721}.Debug|Any CPU.ActiveCfg = Debug|Any CPU
		{A365A0B8-5DF1-4487-9626-E707E1332721}.Debug|Any CPU.Build.0 = Debug|Any CPU
		{A365A0B8-5DF1-4487-9626-E707E1332721}.Release|Any CPU.ActiveCfg = Release|Any CPU
		{A365A0B8-5DF1-4487-9626-E707E1332721}.Release|Any CPU.Build.0 = Release|Any CPU
	EndGlobalSection
	GlobalSection(SolutionProperties) = preSolution
		HideSolutionNode = FALSE
	EndGlobalSection
	GlobalSection(ExtensibilityGlobals) = postSolution
		SolutionGuid = {927B1701-468D-421B-BD77-2B06FE78E767}
	EndGlobalSection
EndGlobal
